
Microsoft Visual Studio Solution File, Format Version 12.00
# Visual Studio 15
VisualStudioVersion = 15.0.28010.2026
MinimumVisualStudioVersion = 10.0.40219.1
Project("{F184B08F-C81C-45F6-A57F-5ABD9991F28F}") = "WpfID.NET", "WpfID.NET\WpfID.NET.vbproj", "{8992C753-D74B-46C2-BD0C-D959AE42CF80}"
EndProject
Global
	GlobalSection(SolutionConfigurationPlatforms) = preSolution
		Debug|Any CPU = Debug|Any CPU
		Release|Any CPU = Release|Any CPU
	EndGlobalSection
	GlobalSection(ProjectConfigurationPlatforms) = postSolution
		{8992C753-D74B-46C2-BD0C-D959AE42CF80}.Debug|Any CPU.ActiveCfg = Debug|Any CPU
		{8992C753-D74B-46C2-BD0C-D959AE42CF80}.Debug|Any CPU.Build.0 = Debug|Any CPU
		{8992C753-D74B-46C2-BD0C-D959AE42CF80}.Release|Any CPU.ActiveCfg = Release|Any CPU
		{8992C753-D74B-46C2-BD0C-D959AE42CF80}.Release|Any CPU.Build.0 = Release|Any CPU
	EndGlobalSection
	GlobalSection(SolutionProperties) = preSolution
		HideSolutionNode = FALSE
	EndGlobalSection
	GlobalSection(ExtensibilityGlobals) = postSolution
		SolutionGuid = {4F08873E-2D24-4B3C-95CF-C005A170141D}
	EndGlobalSection
EndGlobal
